{
  "lockfileVersion": 1,
  "requires": true,
  "dependencies": {
    "gltf-validator": {
      "version": "2.0.0-dev.3.2",
      "resolved": "https://registry.npmjs.org/gltf-validator/-/gltf-validator-2.0.0-dev.3.2.tgz",
      "integrity": "sha512-gdG28HR+nDF00b8XkUl/Vxua4Cndc7v1nK4RO3G7JBAm7TiEnCQWETMYRgJR+0BfBt3dWWKsnJXGC+WjaILVmQ=="
    }
  }
}
